
Microsoft Visual Studio Solution File, Format Version 12.00
# Visual Studio 2013
VisualStudioVersion = 12.0.31101.0
MinimumVisualStudioVersion = 10.0.40219.1
Project("{FAE04EC0-301F-11D3-BF4B-00C04F79EFBC}") = "ReportUnit", "ReportUnit\ReportUnit.csproj", "{30EDE480-4954-471D-85EE-560F652504B9}"
EndProject
Project("{FAE04EC0-301F-11D3-BF4B-00C04F79EFBC}") = "UnitTests", "UnitTests\UnitTests.csproj", "{63CF32CD-5050-45B5-85DC-E1983819EDFF}"
EndProject
Project("{2150E333-8FDC-42A3-9474-1A3956D46DE8}") = ".nuget", ".nuget", "{0A580C81-FC44-4D02-8DC0-06248733194C}"
	ProjectSection(SolutionItems) = preProject
		.nuget\packages.config = .nuget\packages.config
	EndProjectSection
EndProject
Global
	GlobalSection(SolutionConfigurationPlatforms) = preSolution
		Debug|Any CPU = Debug|Any CPU
		Release|Any CPU = Release|Any CPU
	EndGlobalSection
	GlobalSection(ProjectConfigurationPlatforms) = postSolution
		{30EDE480-4954-471D-85EE-560F652504B9}.Debug|Any CPU.ActiveCfg = Debug|Any CPU
		{30EDE480-4954-471D-85EE-560F652504B9}.Debug|Any CPU.Build.0 = Debug|Any CPU
		{30EDE480-4954-471D-85EE-560F652504B9}.Release|Any CPU.ActiveCfg = Release|Any CPU
		{30EDE480-4954-471D-85EE-560F652504B9}.Release|Any CPU.Build.0 = Release|Any CPU
		{63CF32CD-5050-45B5-85DC-E1983819EDFF}.Debug|Any CPU.ActiveCfg = Debug|Any CPU
		{63CF32CD-5050-45B5-85DC-E1983819EDFF}.Debug|Any CPU.Build.0 = Debug|Any CPU
		{63CF32CD-5050-45B5-85DC-E1983819EDFF}.Release|Any CPU.ActiveCfg = Release|Any CPU
		{63CF32CD-5050-45B5-85DC-E1983819EDFF}.Release|Any CPU.Build.0 = Release|Any CPU
	EndGlobalSection
	GlobalSection(SolutionProperties) = preSolution
		HideSolutionNode = FALSE
	EndGlobalSection
EndGlobal
